
Microsoft Visual Studio Solution File, Format Version 12.00
# Visual Studio 2013
VisualStudioVersion = 12.0.40629.0
MinimumVisualStudioVersion = 10.0.40219.1
Project("{FAE04EC0-301F-11D3-BF4B-00C04F79EFBC}") = "URSA.Core", "URSA.Core\URSA.Core.csproj", "{643795DC-2CE4-4AA6-A480-92B92023DA25}"
EndProject
Project("{FAE04EC0-301F-11D3-BF4B-00C04F79EFBC}") = "URSA.CastleWindsor", "URSA.CastleWindsor\URSA.CastleWindsor.csproj", "{6BF51DD9-364C-4068-A464-E6276EE43635}"
EndProject
Project("{FAE04EC0-301F-11D3-BF4B-00C04F79EFBC}") = "URSA.Tools", "URSA.Tools\URSA.Tools.csproj", "{60FC7AC8-8F27-4B1C-83D7-CE4DAEF5B070}"
EndProject
Project("{FAE04EC0-301F-11D3-BF4B-00C04F79EFBC}") = "URSA.Core.Tests", "URSA.Core.Tests\URSA.Core.Tests.csproj", "{60971EEE-A6CF-485C-968A-5757EC6E9240}"
EndProject
Project("{FAE04EC0-301F-11D3-BF4B-00C04F79EFBC}") = "URSA.Http", "URSA.Http\URSA.Http.csproj", "{322C5BBC-5A06-4059-AB73-8F81487CE00C}"
EndProject
Project("{FAE04EC0-301F-11D3-BF4B-00C04F79EFBC}") = "URSA.Http.Tests", "URSA.Http.Tests\URSA.Http.Tests.csproj", "{37AC0656-C4D0-41C7-99CD-9FDB1A2A086D}"
EndProject
Project("{FAE04EC0-301F-11D3-BF4B-00C04F79EFBC}") = "URSA.Http.Description", "URSA.Http.Description\URSA.Http.Description.csproj", "{1CC21D3A-C56C-468D-B78D-D61758531D3F}"
EndProject
Project("{FAE04EC0-301F-11D3-BF4B-00C04F79EFBC}") = "URSA.Http.Description.Tests", "URSA.Http.Description.Tests\URSA.Http.Description.Tests.csproj", "{9382CA46-59EA-4E58-9269-8FFB7BCD9BED}"
EndProject
Project("{FAE04EC0-301F-11D3-BF4B-00C04F79EFBC}") = "URSA.Web", "URSA.Web\URSA.Web.csproj", "{F64A1231-96CD-49B0-B34E-AE751B471348}"
EndProject
Project("{FAE04EC0-301F-11D3-BF4B-00C04F79EFBC}") = "URSA.Example.WebApplication", "URSA.Example.WebApplication\URSA.Example.WebApplication.csproj", "{A2C340A6-BBCB-47DE-B3D2-F315B812E808}"
EndProject
Project("{FAE04EC0-301F-11D3-BF4B-00C04F79EFBC}") = "URSA.Http.Client.Proxy", "URSA.Http.Client.Proxy\URSA.Http.Client.Proxy.csproj", "{C9D703F6-6A10-4F6C-97A7-601399291762}"
EndProject
Project("{FAE04EC0-301F-11D3-BF4B-00C04F79EFBC}") = "URSA.Example.Client", "URSA.Example.Client\URSA.Example.Client.csproj", "{433E0693-2669-4DF1-B366-8330CF5AC0CE}"
EndProject
Project("{2150E333-8FDC-42A3-9474-1A3956D46DE8}") = ".nuget", ".nuget", "{8F3DC0A8-5B9A-4426-A7B0-0A397E7A6DC6}"
	ProjectSection(SolutionItems) = preProject
		.nuget\NuGet.Config = .nuget\NuGet.Config
		.nuget\NuGet.exe = .nuget\NuGet.exe
		.nuget\NuGet.targets = .nuget\NuGet.targets
		NuGetBuild\URSA.CastleWindsor\URSA.CastleWindsor.nuspec = NuGetBuild\URSA.CastleWindsor\URSA.CastleWindsor.nuspec
		NuGetBuild\URSA.Http.CastleWindsor\URSA.Http.CastleWindsor.nuspec = NuGetBuild\URSA.Http.CastleWindsor\URSA.Http.CastleWindsor.nuspec
		NuGetBuild\URSA.Http\URSA.Http.nuspec = NuGetBuild\URSA.Http\URSA.Http.nuspec
		NuGetBuild\URSA\URSA.nuspec = NuGetBuild\URSA\URSA.nuspec
		NuGetBuild\URSA.Owin\URSA.Owin.nuspec = NuGetBuild\URSA.Owin\URSA.Owin.nuspec
		NuGetBuild\URSA.Web\URSA.Web.nuspec = NuGetBuild\URSA.Web\URSA.Web.nuspec
	EndProjectSection
EndProject
Project("{2150E333-8FDC-42A3-9474-1A3956D46DE8}") = ".build", ".build", "{51605562-D2FE-498F-9D18-6F7B30796842}"
	ProjectSection(SolutionItems) = preProject
		after.URSA.sln.targets = after.URSA.sln.targets
		before.URSA.sln.targets = before.URSA.sln.targets
		NuGetBuild\NugetBuild.targets = NuGetBuild\NugetBuild.targets
		.build\Version.bat = .build\Version.bat
	EndProjectSection
EndProject
Project("{E24C65DC-7377-472B-9ABA-BC803B73C61A}") = "URSA.Client", "http://localhost:49639", "{96C34881-396A-4F51-AEF0-F0B5F96545FB}"
	ProjectSection(WebsiteProperties) = preProject
		UseIISExpress = "true"
		TargetFrameworkMoniker = ".NETFramework,Version%3Dv4.5"
		Debug.AspNetCompiler.VirtualPath = "/localhost_49639"
		Debug.AspNetCompiler.PhysicalPath = "URSA.Client\"
		Debug.AspNetCompiler.TargetPath = "PrecompiledWeb\localhost_49639\"
		Debug.AspNetCompiler.Updateable = "true"
		Debug.AspNetCompiler.ForceOverwrite = "true"
		Debug.AspNetCompiler.FixedNames = "false"
		Debug.AspNetCompiler.Debug = "True"
		Release.AspNetCompiler.VirtualPath = "/localhost_49639"
		Release.AspNetCompiler.PhysicalPath = "URSA.Client\"
		Release.AspNetCompiler.TargetPath = "PrecompiledWeb\localhost_49639\"
		Release.AspNetCompiler.Updateable = "true"
		Release.AspNetCompiler.ForceOverwrite = "true"
		Release.AspNetCompiler.FixedNames = "false"
		Release.AspNetCompiler.Debug = "False"
		SlnRelativePath = "URSA.Client\"
		DefaultWebSiteLanguage = "Visual C#"
	EndProjectSection
EndProject
Project("{FAE04EC0-301F-11D3-BF4B-00C04F79EFBC}") = "URSA.Owin", "URSA.Owin\URSA.Owin.csproj", "{723761C1-90D9-45FE-B9C6-A84087DF7096}"
EndProject
Project("{FAE04EC0-301F-11D3-BF4B-00C04F79EFBC}") = "URSA.Example.OwinApplication", "URSA.Example.OwinApplication\URSA.Example.OwinApplication.csproj", "{6792490A-CEF9-4B80-A874-F89011F4D589}"
EndProject
Project("{FAE04EC0-301F-11D3-BF4B-00C04F79EFBC}") = "URSA.Http.CastleWindsor", "URSA.Http.CastleWindsor\URSA.Http.CastleWindsor.csproj", "{F3348ED4-2300-4A5E-BDE0-3961660397AF}"
EndProject
Global
	GlobalSection(SolutionConfigurationPlatforms) = preSolution
		Debug|Any CPU = Debug|Any CPU
		Release|Any CPU = Release|Any CPU
	EndGlobalSection
	GlobalSection(ProjectConfigurationPlatforms) = postSolution
		{643795DC-2CE4-4AA6-A480-92B92023DA25}.Debug|Any CPU.ActiveCfg = Debug|Any CPU
		{643795DC-2CE4-4AA6-A480-92B92023DA25}.Debug|Any CPU.Build.0 = Debug|Any CPU
		{643795DC-2CE4-4AA6-A480-92B92023DA25}.Release|Any CPU.ActiveCfg = Release|Any CPU
		{643795DC-2CE4-4AA6-A480-92B92023DA25}.Release|Any CPU.Build.0 = Release|Any CPU
		{6BF51DD9-364C-4068-A464-E6276EE43635}.Debug|Any CPU.ActiveCfg = Debug|Any CPU
		{6BF51DD9-364C-4068-A464-E6276EE43635}.Debug|Any CPU.Build.0 = Debug|Any CPU
		{6BF51DD9-364C-4068-A464-E6276EE43635}.Release|Any CPU.ActiveCfg = Release|Any CPU
		{6BF51DD9-364C-4068-A464-E6276EE43635}.Release|Any CPU.Build.0 = Release|Any CPU
		{60FC7AC8-8F27-4B1C-83D7-CE4DAEF5B070}.Debug|Any CPU.ActiveCfg = Debug|Any CPU
		{60FC7AC8-8F27-4B1C-83D7-CE4DAEF5B070}.Debug|Any CPU.Build.0 = Debug|Any CPU
		{60FC7AC8-8F27-4B1C-83D7-CE4DAEF5B070}.Release|Any CPU.ActiveCfg = Release|Any CPU
		{60FC7AC8-8F27-4B1C-83D7-CE4DAEF5B070}.Release|Any CPU.Build.0 = Release|Any CPU
		{60971EEE-A6CF-485C-968A-5757EC6E9240}.Debug|Any CPU.ActiveCfg = Debug|Any CPU
		{60971EEE-A6CF-485C-968A-5757EC6E9240}.Debug|Any CPU.Build.0 = Debug|Any CPU
		{60971EEE-A6CF-485C-968A-5757EC6E9240}.Release|Any CPU.ActiveCfg = Release|Any CPU
		{60971EEE-A6CF-485C-968A-5757EC6E9240}.Release|Any CPU.Build.0 = Release|Any CPU
		{322C5BBC-5A06-4059-AB73-8F81487CE00C}.Debug|Any CPU.ActiveCfg = Debug|Any CPU
		{322C5BBC-5A06-4059-AB73-8F81487CE00C}.Debug|Any CPU.Build.0 = Debug|Any CPU
		{322C5BBC-5A06-4059-AB73-8F81487CE00C}.Release|Any CPU.ActiveCfg = Release|Any CPU
		{322C5BBC-5A06-4059-AB73-8F81487CE00C}.Release|Any CPU.Build.0 = Release|Any CPU
		{37AC0656-C4D0-41C7-99CD-9FDB1A2A086D}.Debug|Any CPU.ActiveCfg = Debug|Any CPU
		{37AC0656-C4D0-41C7-99CD-9FDB1A2A086D}.Debug|Any CPU.Build.0 = Debug|Any CPU
		{37AC0656-C4D0-41C7-99CD-9FDB1A2A086D}.Release|Any CPU.ActiveCfg = Release|Any CPU
		{37AC0656-C4D0-41C7-99CD-9FDB1A2A086D}.Release|Any CPU.Build.0 = Release|Any CPU
		{1CC21D3A-C56C-468D-B78D-D61758531D3F}.Debug|Any CPU.ActiveCfg = Debug|Any CPU
		{1CC21D3A-C56C-468D-B78D-D61758531D3F}.Debug|Any CPU.Build.0 = Debug|Any CPU
		{1CC21D3A-C56C-468D-B78D-D61758531D3F}.Release|Any CPU.ActiveCfg = Release|Any CPU
		{1CC21D3A-C56C-468D-B78D-D61758531D3F}.Release|Any CPU.Build.0 = Release|Any CPU
		{9382CA46-59EA-4E58-9269-8FFB7BCD9BED}.Debug|Any CPU.ActiveCfg = Debug|Any CPU
		{9382CA46-59EA-4E58-9269-8FFB7BCD9BED}.Debug|Any CPU.Build.0 = Debug|Any CPU
		{9382CA46-59EA-4E58-9269-8FFB7BCD9BED}.Release|Any CPU.ActiveCfg = Release|Any CPU
		{9382CA46-59EA-4E58-9269-8FFB7BCD9BED}.Release|Any CPU.Build.0 = Release|Any CPU
		{F64A1231-96CD-49B0-B34E-AE751B471348}.Debug|Any CPU.ActiveCfg = Debug|Any CPU
		{F64A1231-96CD-49B0-B34E-AE751B471348}.Debug|Any CPU.Build.0 = Debug|Any CPU
		{F64A1231-96CD-49B0-B34E-AE751B471348}.Release|Any CPU.ActiveCfg = Release|Any CPU
		{F64A1231-96CD-49B0-B34E-AE751B471348}.Release|Any CPU.Build.0 = Release|Any CPU
		{A2C340A6-BBCB-47DE-B3D2-F315B812E808}.Debug|Any CPU.ActiveCfg = Debug|Any CPU
		{A2C340A6-BBCB-47DE-B3D2-F315B812E808}.Debug|Any CPU.Build.0 = Debug|Any CPU
		{A2C340A6-BBCB-47DE-B3D2-F315B812E808}.Release|Any CPU.ActiveCfg = Release|Any CPU
		{A2C340A6-BBCB-47DE-B3D2-F315B812E808}.Release|Any CPU.Build.0 = Release|Any CPU
		{C9D703F6-6A10-4F6C-97A7-601399291762}.Debug|Any CPU.ActiveCfg = Debug|Any CPU
		{C9D703F6-6A10-4F6C-97A7-601399291762}.Debug|Any CPU.Build.0 = Debug|Any CPU
		{C9D703F6-6A10-4F6C-97A7-601399291762}.Release|Any CPU.ActiveCfg = Release|Any CPU
		{C9D703F6-6A10-4F6C-97A7-601399291762}.Release|Any CPU.Build.0 = Release|Any CPU
		{433E0693-2669-4DF1-B366-8330CF5AC0CE}.Debug|Any CPU.ActiveCfg = Debug|Any CPU
		{433E0693-2669-4DF1-B366-8330CF5AC0CE}.Debug|Any CPU.Build.0 = Debug|Any CPU
		{433E0693-2669-4DF1-B366-8330CF5AC0CE}.Release|Any CPU.ActiveCfg = Release|Any CPU
		{433E0693-2669-4DF1-B366-8330CF5AC0CE}.Release|Any CPU.Build.0 = Release|Any CPU
		{96C34881-396A-4F51-AEF0-F0B5F96545FB}.Debug|Any CPU.ActiveCfg = Debug|Any CPU
		{96C34881-396A-4F51-AEF0-F0B5F96545FB}.Release|Any CPU.ActiveCfg = Debug|Any CPU
		{723761C1-90D9-45FE-B9C6-A84087DF7096}.Debug|Any CPU.ActiveCfg = Debug|Any CPU
		{723761C1-90D9-45FE-B9C6-A84087DF7096}.Debug|Any CPU.Build.0 = Debug|Any CPU
		{723761C1-90D9-45FE-B9C6-A84087DF7096}.Release|Any CPU.ActiveCfg = Release|Any CPU
		{723761C1-90D9-45FE-B9C6-A84087DF7096}.Release|Any CPU.Build.0 = Release|Any CPU
		{6792490A-CEF9-4B80-A874-F89011F4D589}.Debug|Any CPU.ActiveCfg = Debug|Any CPU
		{6792490A-CEF9-4B80-A874-F89011F4D589}.Debug|Any CPU.Build.0 = Debug|Any CPU
		{6792490A-CEF9-4B80-A874-F89011F4D589}.Release|Any CPU.ActiveCfg = Release|Any CPU
		{6792490A-CEF9-4B80-A874-F89011F4D589}.Release|Any CPU.Build.0 = Release|Any CPU
		{F3348ED4-2300-4A5E-BDE0-3961660397AF}.Debug|Any CPU.ActiveCfg = Debug|Any CPU
		{F3348ED4-2300-4A5E-BDE0-3961660397AF}.Debug|Any CPU.Build.0 = Debug|Any CPU
		{F3348ED4-2300-4A5E-BDE0-3961660397AF}.Release|Any CPU.ActiveCfg = Release|Any CPU
		{F3348ED4-2300-4A5E-BDE0-3961660397AF}.Release|Any CPU.Build.0 = Release|Any CPU
	EndGlobalSection
	GlobalSection(SolutionProperties) = preSolution
		HideSolutionNode = FALSE
	EndGlobalSection
EndGlobal
